// !$*UTF8*$!
{
	archiveVersion = 1;
	classes = {
	};
	objectVersion = 55;
	objects = {

/* Begin PBXBuildFile section */
		C2A94C8F292BC7A60066B1B8 /* AppDelegate.swift in Sources */ = {isa = PBXBuildFile; fileRef = C2A94C8E292BC7A60066B1B8 /* AppDelegate.swift */; };
		C2A94C91292BC7A60066B1B8 /* SceneDelegate.swift in Sources */ = {isa = PBXBuildFile; fileRef = C2A94C90292BC7A60066B1B8 /* SceneDelegate.swift */; };
		C2A94C93292BC7A60066B1B8 /* ViewController.swift in Sources */ = {isa = PBXBuildFile; fileRef = C2A94C92292BC7A60066B1B8 /* ViewController.swift */; };
		C2A94C96292BC7A60066B1B8 /* Main.storyboard in Resources */ = {isa = PBXBuildFile; fileRef = C2A94C94292BC7A60066B1B8 /* Main.storyboard */; };
		C2A94C99292BC7A60066B1B8 /* CryptoAppForTest.xcdatamodeld in Sources */ = {isa = PBXBuildFile; fileRef = C2A94C97292BC7A60066B1B8 /* CryptoAppForTest.xcdatamodeld */; };
		C2A94C9B292BC7A70066B1B8 /* Assets.xcassets in Resources */ = {isa = PBXBuildFile; fileRef = C2A94C9A292BC7A70066B1B8 /* Assets.xcassets */; };
		C2A94C9E292BC7A70066B1B8 /* LaunchScreen.storyboard in Resources */ = {isa = PBXBuildFile; fileRef = C2A94C9C292BC7A70066B1B8 /* LaunchScreen.storyboard */; };
		C2A94CA7292BC8780066B1B8 /* APICaller.swift in Sources */ = {isa = PBXBuildFile; fileRef = C2A94CA6292BC8780066B1B8 /* APICaller.swift */; };
		C2A94CA9292BF7DF0066B1B8 /* CryptoTableViewCell.swift in Sources */ = {isa = PBXBuildFile; fileRef = C2A94CA8292BF7DF0066B1B8 /* CryptoTableViewCell.swift */; };
		C2A94CAE292BFB550066B1B8 /* Models.swift in Sources */ = {isa = PBXBuildFile; fileRef = C2A94CAD292BFB550066B1B8 /* Models.swift */; };
/* End PBXBuildFile section */

/* Begin PBXFileReference section */
		C2A94C8B292BC7A60066B1B8 /* CryptoAppForTest.app */ = {isa = PBXFileReference; explicitFileType = wrapper.application; includeInIndex = 0; path = CryptoAppForTest.app; sourceTree = BUILT_PRODUCTS_DIR; };
		C2A94C8E292BC7A60066B1B8 /* AppDelegate.swift */ = {isa = PBXFileReference; lastKnownFileType = sourcecode.swift; path = AppDelegate.swift; sourceTree = "<group>"; };
		C2A94C90292BC7A60066B1B8 /* SceneDelegate.swift */ = {isa = PBXFileReference; lastKnownFileType = sourcecode.swift; path = SceneDelegate.swift; sourceTree = "<group>"; };
		C2A94C92292BC7A60066B1B8 /* ViewController.swift */ = {isa = PBXFileReference; lastKnownFileType = sourcecode.swift; path = ViewController.swift; sourceTree = "<group>"; };
		C2A94C95292BC7A60066B1B8 /* Base */ = {isa = PBXFileReference; lastKnownFileType = file.storyboard; name = Base; path = Base.lproj/Main.storyboard; sourceTree = "<group>"; };
		C2A94C98292BC7A60066B1B8 /* CryptoAppForTest.xcdatamodel */ = {isa = PBXFileReference; lastKnownFileType = wrapper.xcdatamodel; path = CryptoAppForTest.xcdatamodel; sourceTree = "<group>"; };
		C2A94C9A292BC7A70066B1B8 /* Assets.xcassets */ = {isa = PBXFileReference; lastKnownFileType = folder.assetcatalog; path = Assets.xcassets; sourceTree = "<group>"; };
		C2A94C9D292BC7A70066B1B8 /* Base */ = {isa = PBXFileReference; lastKnownFileType = file.storyboard; name = Base; path = Base.lproj/LaunchScreen.storyboard; sourceTree = "<group>"; };
		C2A94C9F292BC7A70066B1B8 /* Info.plist */ = {isa = PBXFileReference; lastKnownFileType = text.plist.xml; path = Info.plist; sourceTree = "<group>"; };
		C2A94CA6292BC8780066B1B8 /* APICaller.swift */ = {isa = PBXFileReference; lastKnownFileType = sourcecode.swift; path = APICaller.swift; sourceTree = "<group>"; };
		C2A94CA8292BF7DF0066B1B8 /* CryptoTableViewCell.swift */ = {isa = PBXFileReference; lastKnownFileType = sourcecode.swift; path = CryptoTableViewCell.swift; sourceTree = "<group>"; };
		C2A94CAD292BFB550066B1B8 /* Models.swift */ = {isa = PBXFileReference; lastKnownFileType = sourcecode.swift; path = Models.swift; sourceTree = "<group>"; };
/* End PBXFileReference section */

/* Begin PBXFrameworksBuildPhase section */
		C2A94C88292BC7A60066B1B8 /* Frameworks */ = {
			isa = PBXFrameworksBuildPhase;
			buildActionMask = 2147483647;
			files = (
			);
			runOnlyForDeploymentPostprocessing = 0;
		};
/* End PBXFrameworksBuildPhase section */

/* Begin PBXGroup section */
		C2A94C82292BC7A60066B1B8 = {
			isa = PBXGroup;
			children = (
				C2A94C8D292BC7A60066B1B8 /* CryptoAppForTest */,
				C2A94C8C292BC7A60066B1B8 /* Products */,
			);
			sourceTree = "<group>";
		};
		C2A94C8C292BC7A60066B1B8 /* Products */ = {
			isa = PBXGroup;
			children = (
				C2A94C8B292BC7A60066B1B8 /* CryptoAppForTest.app */,
			);
			name = Products;
			sourceTree = "<group>";
		};
		C2A94C8D292BC7A60066B1B8 /* CryptoAppForTest */ = {
			isa = PBXGroup;
			children = (
				C2A94C8E292BC7A60066B1B8 /* AppDelegate.swift */,
				C2A94C90292BC7A60066B1B8 /* SceneDelegate.swift */,
				C2A94CAC292BFB2C0066B1B8 /* Model */,
				C2A94CAB292BFB050066B1B8 /* View */,
				C2A94CAA292BF7F80066B1B8 /* ViewModel */,
				C2A94C94292BC7A60066B1B8 /* Main.storyboard */,
				C2A94CA5292BC7D00066B1B8 /* Supporting files */,
				C2A94C9F292BC7A70066B1B8 /* Info.plist */,
				C2A94C97292BC7A60066B1B8 /* CryptoAppForTest.xcdatamodeld */,
			);
			path = CryptoAppForTest;
			sourceTree = "<group>";
		};
		C2A94CA5292BC7D00066B1B8 /* Supporting files */ = {
			isa = PBXGroup;
			children = (
				C2A94C9A292BC7A70066B1B8 /* Assets.xcassets */,
				C2A94C9C292BC7A70066B1B8 /* LaunchScreen.storyboard */,
			);
			path = "Supporting files";
			sourceTree = "<group>";
		};
		C2A94CAA292BF7F80066B1B8 /* ViewModel */ = {
			isa = PBXGroup;
			children = (
				C2A94CA8292BF7DF0066B1B8 /* CryptoTableViewCell.swift */,
			);
			path = ViewModel;
			sourceTree = "<group>";
		};
		C2A94CAB292BFB050066B1B8 /* View */ = {
			isa = PBXGroup;
			children = (
				C2A94C92292BC7A60066B1B8 /* ViewController.swift */,
			);
			path = View;
			sourceTree = "<group>";
		};
		C2A94CAC292BFB2C0066B1B8 /* Model */ = {
			isa = PBXGroup;
			children = (
				C2A94CA6292BC8780066B1B8 /* APICaller.swift */,
				C2A94CAD292BFB550066B1B8 /* Models.swift */,
			);
			path = Model;
			sourceTree = "<group>";
		};
/* End PBXGroup section */

/* Begin PBXNativeTarget section */
		C2A94C8A292BC7A60066B1B8 /* CryptoAppForTest */ = {
			isa = PBXNativeTarget;
			buildConfigurationList = C2A94CA2292BC7A70066B1B8 /* Build configuration list for PBXNativeTarget "CryptoAppForTest" */;
			buildPhases = (
				C2A94C87292BC7A60066B1B8 /* Sources */,
				C2A94C88292BC7A60066B1B8 /* Frameworks */,
				C2A94C89292BC7A60066B1B8 /* Resources */,
			);
			buildRules = (
			);
			dependencies = (
			);
			name = CryptoAppForTest;
			productName = CryptoAppForTest;
			productReference = C2A94C8B292BC7A60066B1B8 /* CryptoAppForTest.app */;
			productType = "com.apple.product-type.application";
		};
/* End PBXNativeTarget section */

/* Begin PBXProject section */
		C2A94C83292BC7A60066B1B8 /* Project object */ = {
			isa = PBXProject;
			attributes = {
				BuildIndependentTargetsInParallel = 1;
				LastSwiftUpdateCheck = 1340;
				LastUpgradeCheck = 1340;
				TargetAttributes = {
					C2A94C8A292BC7A60066B1B8 = {
						CreatedOnToolsVersion = 13.4.1;
					};
				};
			};
			buildConfigurationList = C2A94C86292BC7A60066B1B8 /* Build configuration list for PBXProject "CryptoAppForTest" */;
			compatibilityVersion = "Xcode 13.0";
			developmentRegion = en;
			hasScannedForEncodings = 0;
			knownRegions = (
				en,
				Base,
			);
			mainGroup = C2A94C82292BC7A60066B1B8;
			productRefGroup = C2A94C8C292BC7A60066B1B8 /* Products */;
			projectDirPath = "";
			projectRoot = "";
			targets = (
				C2A94C8A292BC7A60066B1B8 /* CryptoAppForTest */,
			);
		};
/* End PBXProject section */

/* Begin PBXResourcesBuildPhase section */
		C2A94C89292BC7A60066B1B8 /* Resources */ = {
			isa = PBXResourcesBuildPhase;
			buildActionMask = 2147483647;
			files = (
				C2A94C9E292BC7A70066B1B8 /* LaunchScreen.storyboard in Resources */,
				C2A94C9B292BC7A70066B1B8 /* Assets.xcassets in Resources */,
				C2A94C96292BC7A60066B1B8 /* Main.storyboard in Resources */,
			);
			runOnlyForDeploymentPostprocessing = 0;
		};
/* End PBXResourcesBuildPhase section */

/* Begin PBXSourcesBuildPhase section */
		C2A94C87292BC7A60066B1B8 /* Sources */ = {
			isa = PBXSourcesBuildPhase;
			buildActionMask = 2147483647;
			files = (
				C2A94C93292BC7A60066B1B8 /* ViewController.swift in Sources */,
				C2A94C8F292BC7A60066B1B8 /* AppDelegate.swift in Sources */,
				C2A94CA9292BF7DF0066B1B8 /* CryptoTableViewCell.swift in Sources */,
				C2A94C99292BC7A60066B1B8 /* CryptoAppForTest.xcdatamodeld in Sources */,
				C2A94CA7292BC8780066B1B8 /* APICaller.swift in Sources */,
				C2A94C91292BC7A60066B1B8 /* SceneDelegate.swift in Sources */,
				C2A94CAE292BFB550066B1B8 /* Models.swift in Sources */,
			);
			runOnlyForDeploymentPostprocessing = 0;
		};
/* End PBXSourcesBuildPhase section */

/* Begin PBXVariantGroup section */
		C2A94C94292BC7A60066B1B8 /* Main.storyboard */ = {
			isa = PBXVariantGroup;
			children = (
				C2A94C95292BC7A60066B1B8 /* Base */,
			);
			name = Main.storyboard;
			sourceTree = "<group>";
		};
		C2A94C9C292BC7A70066B1B8 /* LaunchScreen.storyboard */ = {
			isa = PBXVariantGroup;
			children = (
				C2A94C9D292BC7A70066B1B8 /* Base */,
			);
			name = LaunchScreen.storyboard;
			sourceTree = "<group>";
		};
/* End PBXVariantGroup section */

/* Begin XCBuildConfiguration section */
		C2A94CA0292BC7A70066B1B8 /* Debug */ = {
			isa = XCBuildConfiguration;
			buildSettings = {
				ALWAYS_SEARCH_USER_PATHS = NO;
				CLANG_ANALYZER_NONNULL = YES;
				CLANG_ANALYZER_NUMBER_OBJECT_CONVERSION = YES_AGGRESSIVE;
				CLANG_CXX_LANGUAGE_STANDARD = "gnu++17";
				CLANG_ENABLE_MODULES = YES;
				CLANG_ENABLE_OBJC_ARC = YES;
				CLANG_ENABLE_OBJC_WEAK = YES;
				CLANG_WARN_BLOCK_CAPTURE_AUTORELEASING = YES;
				CLANG_WARN_BOOL_CONVERSION = YES;
				CLANG_WARN_COMMA = YES;
				CLANG_WARN_CONSTANT_CONVERSION = YES;
				CLANG_WARN_DEPRECATED_OBJC_IMPLEMENTATIONS = YES;
				CLANG_WARN_DIRECT_OBJC_ISA_USAGE = YES_ERROR;
				CLANG_WARN_DOCUMENTATION_COMMENTS = YES;
				CLANG_WARN_EMPTY_BODY = YES;
				CLANG_WARN_ENUM_CONVERSION = YES;
				CLANG_WARN_INFINITE_RECURSION = YES;
				CLANG_WARN_INT_CONVERSION = YES;
				CLANG_WARN_NON_LITERAL_NULL_CONVERSION = YES;
				CLANG_WARN_OBJC_IMPLICIT_RETAIN_SELF = YES;
				CLANG_WARN_OBJC_LITERAL_CONVERSION = YES;
				CLANG_WARN_OBJC_ROOT_CLASS = YES_ERROR;
				CLANG_WARN_QUOTED_INCLUDE_IN_FRAMEWORK_HEADER = YES;
				CLANG_WARN_RANGE_LOOP_ANALYSIS = YES;
				CLANG_WARN_STRICT_PROTOTYPES = YES;
				CLANG_WARN_SUSPICIOUS_MOVE = YES;
				CLANG_WARN_UNGUARDED_AVAILABILITY = YES_AGGRESSIVE;
				CLANG_WARN_UNREACHABLE_CODE = YES;
				CLANG_WARN__DUPLICATE_METHOD_MATCH = YES;
				COPY_PHASE_STRIP = NO;
				DEBUG_INFORMATION_FORMAT = dwarf;
				ENABLE_STRICT_OBJC_MSGSEND = YES;
				ENABLE_TESTABILITY = YES;
				GCC_C_LANGUAGE_STANDARD = gnu11;
				GCC_DYNAMIC_NO_PIC = NO;
				GCC_NO_COMMON_BLOCKS = YES;
				GCC_OPTIMIZATION_LEVEL = 0;
				GCC_PREPROCESSOR_DEFINITIONS = (
					"DEBUG=1",
					"$(inherited)",
				);
				GCC_WARN_64_TO_32_BIT_CONVERSION = YES;
				GCC_WARN_ABOUT_RETURN_TYPE = YES_ERROR;
				GCC_WARN_UNDECLARED_SELECTOR = YES;
				GCC_WARN_UNINITIALIZED_AUTOS = YES_AGGRESSIVE;
				GCC_WARN_UNUSED_FUNCTION = YES;
				GCC_WARN_UNUSED_VARIABLE = YES;
				IPHONEOS_DEPLOYMENT_TARGET = 15.5;
				MTL_ENABLE_DEBUG_INFO = INCLUDE_SOURCE;
				MTL_FAST_MATH = YES;
				ONLY_ACTIVE_ARCH = YES;
				SDKROOT = iphoneos;
				SWIFT_ACTIVE_COMPILATION_CONDITIONS = DEBUG;
				SWIFT_OPTIMIZATION_LEVEL = "-Onone";
			};
			name = Debug;
		};
		C2A94CA1292BC7A70066B1B8 /* Release */ = {
			isa = XCBuildConfiguration;
			buildSettings = {
				ALWAYS_SEARCH_USER_PATHS = NO;
				CLANG_ANALYZER_NONNULL = YES;
				CLANG_ANALYZER_NUMBER_OBJECT_CONVERSION = YES_AGGRESSIVE;
				CLANG_CXX_LANGUAGE_STANDARD = "gnu++17";
				CLANG_ENABLE_MODULES = YES;
				CLANG_ENABLE_OBJC_ARC = YES;
				CLANG_ENABLE_OBJC_WEAK = YES;
				CLANG_WARN_BLOCK_CAPTURE_AUTORELEASING = YES;
				CLANG_WARN_BOOL_CONVERSION = YES;
				CLANG_WARN_COMMA = YES;
				CLANG_WARN_CONSTANT_CONVERSION = YES;
				CLANG_WARN_DEPRECATED_OBJC_IMPLEMENTATIONS = YES;
				CLANG_WARN_DIRECT_OBJC_ISA_USAGE = YES_ERROR;
				CLANG_WARN_DOCUMENTATION_COMMENTS = YES;
				CLANG_WARN_EMPTY_BODY = YES;
				CLANG_WARN_ENUM_CONVERSION = YES;
				CLANG_WARN_INFINITE_RECURSION = YES;
				CLANG_WARN_INT_CONVERSION = YES;
				CLANG_WARN_NON_LITERAL_NULL_CONVERSION = YES;
				CLANG_WARN_OBJC_IMPLICIT_RETAIN_SELF = YES;
				CLANG_WARN_OBJC_LITERAL_CONVERSION = YES;
				CLANG_WARN_OBJC_ROOT_CLASS = YES_ERROR;
				CLANG_WARN_QUOTED_INCLUDE_IN_FRAMEWORK_HEADER = YES;
				CLANG_WARN_RANGE_LOOP_ANALYSIS = YES;
				CLANG_WARN_STRICT_PROTOTYPES = YES;
				CLANG_WARN_SUSPICIOUS_MOVE = YES;
				CLANG_WARN_UNGUARDED_AVAILABILITY = YES_AGGRESSIVE;
				CLANG_WARN_UNREACHABLE_CODE = YES;
				CLANG_WARN__DUPLICATE_METHOD_MATCH = YES;
				COPY_PHASE_STRIP = NO;
				DEBUG_INFORMATION_FORMAT = "dwarf-with-dsym";
				ENABLE_NS_ASSERTIONS = NO;
				ENABLE_STRICT_OBJC_MSGSEND = YES;
				GCC_C_LANGUAGE_STANDARD = gnu11;
				GCC_NO_COMMON_BLOCKS = YES;
				GCC_WARN_64_TO_32_BIT_CONVERSION = YES;
				GCC_WARN_ABOUT_RETURN_TYPE = YES_ERROR;
				GCC_WARN_UNDECLARED_SELECTOR = YES;
				GCC_WARN_UNINITIALIZED_AUTOS = YES_AGGRESSIVE;
				GCC_WARN_UNUSED_FUNCTION = YES;
				GCC_WARN_UNUSED_VARIABLE = YES;
				IPHONEOS_DEPLOYMENT_TARGET = 15.5;
				MTL_ENABLE_DEBUG_INFO = NO;
				MTL_FAST_MATH = YES;
				SDKROOT = iphoneos;
				SWIFT_COMPILATION_MODE = wholemodule;
				SWIFT_OPTIMIZATION_LEVEL = "-O";
				VALIDATE_PRODUCT = YES;
			};
			name = Release;
		};
		C2A94CA3292BC7A70066B1B8 /* Debug */ = {
			isa = XCBuildConfiguration;
			buildSettings = {
				ASSETCATALOG_COMPILER_APPICON_NAME = AppIcon;
				ASSETCATALOG_COMPILER_GLOBAL_ACCENT_COLOR_NAME = AccentColor;
				CODE_SIGN_STYLE = Automatic;
				CURRENT_PROJECT_VERSION = 1;
				DEVELOPMENT_TEAM = 4JPR2TDZ73;
				GENERATE_INFOPLIST_FILE = YES;
				INFOPLIST_FILE = CryptoAppForTest/Info.plist;
				INFOPLIST_KEY_UIApplicationSupportsIndirectInputEvents = YES;
				INFOPLIST_KEY_UILaunchStoryboardName = LaunchScreen;
				INFOPLIST_KEY_UIMainStoryboardFile = Main;
				INFOPLIST_KEY_UISupportedInterfaceOrientations_iPad = "UIInterfaceOrientationPortrait UIInterfaceOrientationPortraitUpsideDown UIInterfaceOrientationLandscapeLeft UIInterfaceOrientationLandscapeRight";
				INFOPLIST_KEY_UISupportedInterfaceOrientations_iPhone = "UIInterfaceOrientationPortrait UIInterfaceOrientationLandscapeLeft UIInterfaceOrientationLandscapeRight";
				LD_RUNPATH_SEARCH_PATHS = (
					"$(inherited)",
					"@executable_path/Frameworks",
				);
				MARKETING_VERSION = 1.0;
				PRODUCT_BUNDLE_IDENTIFIER = com.overpowerpwnd.CryptoAppForTest;
				PRODUCT_NAME = "$(TARGET_NAME)";
				SWIFT_EMIT_LOC_STRINGS = YES;
				SWIFT_VERSION = 5.0;
				TARGETED_DEVICE_FAMILY = "1,2";
			};
			name = Debug;
		};
		C2A94CA4292BC7A70066B1B8 /* Release */ = {
			isa = XCBuildConfiguration;
			buildSettings = {
				ASSETCATALOG_COMPILER_APPICON_NAME = AppIcon;
				ASSETCATALOG_COMPILER_GLOBAL_ACCENT_COLOR_NAME = AccentColor;
				CODE_SIGN_STYLE = Automatic;
				CURRENT_PROJECT_VERSION = 1;
				DEVELOPMENT_TEAM = 4JPR2TDZ73;
				GENERATE_INFOPLIST_FILE = YES;
				INFOPLIST_FILE = CryptoAppForTest/Info.plist;
				INFOPLIST_KEY_UIApplicationSupportsIndirectInputEvents = YES;
				INFOPLIST_KEY_UILaunchStoryboardName = LaunchScreen;
				INFOPLIST_KEY_UIMainStoryboardFile = Main;
				INFOPLIST_KEY_UISupportedInterfaceOrientations_iPad = "UIInterfaceOrientationPortrait UIInterfaceOrientationPortraitUpsideDown UIInterfaceOrientationLandscapeLeft UIInterfaceOrientationLandscapeRight";
				INFOPLIST_KEY_UISupportedInterfaceOrientations_iPhone = "UIInterfaceOrientationPortrait UIInterfaceOrientationLandscapeLeft UIInterfaceOrientationLandscapeRight";
				LD_RUNPATH_SEARCH_PATHS = (
					"$(inherited)",
					"@executable_path/Frameworks",
				);
				MARKETING_VERSION = 1.0;
				PRODUCT_BUNDLE_IDENTIFIER = com.overpowerpwnd.CryptoAppForTest;
				PRODUCT_NAME = "$(TARGET_NAME)";
				SWIFT_EMIT_LOC_STRINGS = YES;
				SWIFT_VERSION = 5.0;
				TARGETED_DEVICE_FAMILY = "1,2";
			};
			name = Release;
		};
/* End XCBuildConfiguration section */

/* Begin XCConfigurationList section */
		C2A94C86292BC7A60066B1B8 /* Build configuration list for PBXProject "CryptoAppForTest" */ = {
			isa = XCConfigurationList;
			buildConfigurations = (
				C2A94CA0292BC7A70066B1B8 /* Debug */,
				C2A94CA1292BC7A70066B1B8 /* Release */,
			);
			defaultConfigurationIsVisible = 0;
			defaultConfigurationName = Release;
		};
		C2A94CA2292BC7A70066B1B8 /* Build configuration list for PBXNativeTarget "CryptoAppForTest" */ = {
			isa = XCConfigurationList;
			buildConfigurations = (
				C2A94CA3292BC7A70066B1B8 /* Debug */,
				C2A94CA4292BC7A70066B1B8 /* Release */,
			);
			defaultConfigurationIsVisible = 0;
			defaultConfigurationName = Release;
		};
/* End XCConfigurationList section */

/* Begin XCVersionGroup section */
		C2A94C97292BC7A60066B1B8 /* CryptoAppForTest.xcdatamodeld */ = {
			isa = XCVersionGroup;
			children = (
				C2A94C98292BC7A60066B1B8 /* CryptoAppForTest.xcdatamodel */,
			);
			currentVersion = C2A94C98292BC7A60066B1B8 /* CryptoAppForTest.xcdatamodel */;
			path = CryptoAppForTest.xcdatamodeld;
			sourceTree = "<group>";
			versionGroupType = wrapper.xcdatamodel;
		};
/* End XCVersionGroup section */
	};
	rootObject = C2A94C83292BC7A60066B1B8 /* Project object */;
}
